
Microsoft Visual Studio Solution File, Format Version 12.00
# Visual Studio Version 16
VisualStudioVersion = 16.0.29503.13
MinimumVisualStudioVersion = 10.0.40219.1
Project("{FAE04EC0-301F-11D3-BF4B-00C04F79EFBC}") = "APP_ProgramacionCapas", "APP_ProgramacionCapas\APP_ProgramacionCapas.csproj", "{C1B4FF8A-C2F6-4D47-AC25-5AA204047124}"
EndProject
Project("{FAE04EC0-301F-11D3-BF4B-00C04F79EFBC}") = "APP_Interfaz_wind", "APP_Interfaz_wind\APP_Interfaz_wind.csproj", "{F165183E-BB34-49E9-81FF-7C228C0A61B5}"
EndProject
Project("{FAE04EC0-301F-11D3-BF4B-00C04F79EFBC}") = "APP_Prueba_Facto", "APP_Prueba_Facto\APP_Prueba_Facto.csproj", "{34C5CE0B-2CB1-4BD7-AEB4-62C84C958CE3}"
EndProject
Project("{FAE04EC0-301F-11D3-BF4B-00C04F79EFBC}") = "APP_Billetes", "APP_Billetes\APP_Billetes.csproj", "{04AFD99B-E1BA-4FE2-B88B-C0FA6D181DF5}"
EndProject
Project("{FAE04EC0-301F-11D3-BF4B-00C04F79EFBC}") = "App_Cuadratica", "App_Cuadratica\App_Cuadratica.csproj", "{EACE6134-6A59-4E4C-88FF-C3D57BE5CA35}"
EndProject
Global
	GlobalSection(SolutionConfigurationPlatforms) = preSolution
		Debug|Any CPU = Debug|Any CPU
		Release|Any CPU = Release|Any CPU
	EndGlobalSection
	GlobalSection(ProjectConfigurationPlatforms) = postSolution
		{C1B4FF8A-C2F6-4D47-AC25-5AA204047124}.Debug|Any CPU.ActiveCfg = Debug|Any CPU
		{C1B4FF8A-C2F6-4D47-AC25-5AA204047124}.Debug|Any CPU.Build.0 = Debug|Any CPU
		{C1B4FF8A-C2F6-4D47-AC25-5AA204047124}.Release|Any CPU.ActiveCfg = Release|Any CPU
		{C1B4FF8A-C2F6-4D47-AC25-5AA204047124}.Release|Any CPU.Build.0 = Release|Any CPU
		{F165183E-BB34-49E9-81FF-7C228C0A61B5}.Debug|Any CPU.ActiveCfg = Debug|Any CPU
		{F165183E-BB34-49E9-81FF-7C228C0A61B5}.Debug|Any CPU.Build.0 = Debug|Any CPU
		{F165183E-BB34-49E9-81FF-7C228C0A61B5}.Release|Any CPU.ActiveCfg = Release|Any CPU
		{F165183E-BB34-49E9-81FF-7C228C0A61B5}.Release|Any CPU.Build.0 = Release|Any CPU
		{34C5CE0B-2CB1-4BD7-AEB4-62C84C958CE3}.Debug|Any CPU.ActiveCfg = Debug|Any CPU
		{34C5CE0B-2CB1-4BD7-AEB4-62C84C958CE3}.Debug|Any CPU.Build.0 = Debug|Any CPU
		{34C5CE0B-2CB1-4BD7-AEB4-62C84C958CE3}.Release|Any CPU.ActiveCfg = Release|Any CPU
		{34C5CE0B-2CB1-4BD7-AEB4-62C84C958CE3}.Release|Any CPU.Build.0 = Release|Any CPU
		{04AFD99B-E1BA-4FE2-B88B-C0FA6D181DF5}.Debug|Any CPU.ActiveCfg = Debug|Any CPU
		{04AFD99B-E1BA-4FE2-B88B-C0FA6D181DF5}.Debug|Any CPU.Build.0 = Debug|Any CPU
		{04AFD99B-E1BA-4FE2-B88B-C0FA6D181DF5}.Release|Any CPU.ActiveCfg = Release|Any CPU
		{04AFD99B-E1BA-4FE2-B88B-C0FA6D181DF5}.Release|Any CPU.Build.0 = Release|Any CPU
		{EACE6134-6A59-4E4C-88FF-C3D57BE5CA35}.Debug|Any CPU.ActiveCfg = Debug|Any CPU
		{EACE6134-6A59-4E4C-88FF-C3D57BE5CA35}.Debug|Any CPU.Build.0 = Debug|Any CPU
		{EACE6134-6A59-4E4C-88FF-C3D57BE5CA35}.Release|Any CPU.ActiveCfg = Release|Any CPU
		{EACE6134-6A59-4E4C-88FF-C3D57BE5CA35}.Release|Any CPU.Build.0 = Release|Any CPU
	EndGlobalSection
	GlobalSection(SolutionProperties) = preSolution
		HideSolutionNode = FALSE
	EndGlobalSection
	GlobalSection(ExtensibilityGlobals) = postSolution
		SolutionGuid = {28E56748-4D61-4433-833F-67D8EAD0BEEF}
	EndGlobalSection
EndGlobal
